{
  "version": 4,
  "terraform_version": "1.3.6",
  "serial": 3,
  "lineage": "5a278b8c-91aa-6587-c5f5-9f01fdd8bd65",
  "outputs": {},
  "resources": [
    {
      "mode": "managed",
      "type": "github_branch_protection",
      "name": "main",
      "provider": "provider[\"registry.terraform.io/hashicorp/github\"]",
      "instances": [
        {
          "schema_version": 0,
          "attributes": {
            "branch": "main",
            "enforce_admins": true,
            "etag": "W/\"65ed1bd4605c0f8c5204f89cbb7452a51138382617a5976b25ee927e49dd00b4\"",
            "id": "desafio-sre:main",
            "repository": "desafio-sre",
            "require_signed_commits": true,
            "required_pull_request_reviews": [
              {
                "dismiss_stale_reviews": true,
                "dismissal_teams": null,
                "dismissal_users": null,
                "include_admins": false,
                "require_code_owner_reviews": true,
                "required_approving_review_count": 1
              }
            ],
            "required_status_checks": [
              {
                "contexts": [
                  "continuous-integration"
                ],
                "include_admins": false,
                "strict": true
              }
            ],
            "restrictions": []
          },
          "sensitive_attributes": [],
          "private": "bnVsbA=="
        }
      ]
    }
  ],
  "check_results": null
}
